github.com/creack/pty v1.1.9/go.mod h1:oKZEueFk5CKHvIhNR5MUki03XCEU+Q6VDXinZuGJ33E=
github.com/davecgh/go-spew v1.1.0/go.mod h1:J7Y8YcW2NihsgmVo/mv3lAwl/skON4iLHjSsI+c5H38=
github.com/davecgh/go-spew v1.1.1 h1:vj9j/u1bqnvCEfJOwUhtlOARqs3+rkHYY13jYWTU97c=
github.com/davecgh/go-spew v1.1.1/go.mod h1:J7Y8YcW2NihsgmVo/mv3lAwl/skON4iLHjSsI+c5H38=
github.com/kr/pretty v0.2.1 h1:Fmg33tUaq4/8ym9TJN1x7sLJnHVwhP33CNkpYV/7rwI=
github.com/kr/pretty v0.2.1/go.mod h1:ipq/a2n7PKx3OHsz4KJII5eveXtPO4qwEXGdVfWzfnI=
github.com/kr/pty v1.1.1/go.mod h1:pFQYn66WHrOpPYNljwOMqo10TkYh1fy3cYio2l3bCsQ=
github.com/kr/text v0.1.0/go.mod h1:4Jbv+DJW3UT/LiOwJeYQe1efqtUx/iVham/4vfdArNI=
github.com/kr/text v0.2.0 h1:5Nx0Ya0ZqY2ygV366QzturHI13Jq95ApcVaJBhpS+AY=
github.com/kr/text v0.2.0/go.mod h1:eLer722TekiGuMkidMxC/pM04lWEeraHUUmBw8l2grE=
github.com/pmezard/go-difflib v1.0.0 h1:4DBwDE0NGyQoBHbLQYPwSUPoCMWR5BEzIk/f1lZbAQM=
github.com/pmezard/go-difflib v1.0.0/go.mod h1:iKH77koFhYxTK1pcRnkKkqfTogsbg7gZNVY4sRDYZ/4=
github.com/stretchr/objx v0.1.0/go.mod h1:HFkY916IF+rwdDfMAkV7OtwuqBVzrE8GR6GFx+wExME=
github.com/stretchr/testify v1.7.2 h1:4jaiDzPyXQvSd7D0EjG45355tLlV3VOECpq10pLC+8s=
github.com/stretchr/testify v1.7.2/go.mod h1:R6va5+xMeoiuVRoj+gSkQ7d3FALtqAAGI1FQKckRals=
github.com/waku-org/go-zerokit-rln-apple v0.0.0-20230916172309-ee0ee61dde2b h1:KgZVhsLkxsj5gb/FfndSCQu6VYwALrCOgYI3poR95yE=
github.com/waku-org/go-zerokit-rln-apple v0.0.0-20230916172309-ee0ee61dde2b/go.mod h1:KYykqtdApHVYZ3G0spwMnoxc5jH5eI3jyO9SwsSfi48=
github.com/waku-org/go-zerokit-rln-apple v0.0.0-20240116092850-ad40ef83a1b5 h1:yqco0Gy1zdBDkHMAPqJ95jSlPVUxAsxK5xVeiUdxQN8=
github.com/waku-org/go-zerokit-rln-apple v0.0.0-20240116092850-ad40ef83a1b5/go.mod h1:KYykqtdApHVYZ3G0spwMnoxc5jH5eI3jyO9SwsSfi48=
github.com/waku-org/go-zerokit-rln-apple v0.0.0-20240116121347-ee5a1d931442 h1:xDs9CAyhgOq9PXo06zTnd8VsPjngAyTGujeDTfsTwGg=
github.com/waku-org/go-zerokit-rln-apple v0.0.0-20240116121347-ee5a1d931442/go.mod h1:KYykqtdApHVYZ3G0spwMnoxc5jH5eI3jyO9SwsSfi48=
github.com/waku-org/go-zerokit-rln-apple v0.0.0-20240116135015-f6f595c7b8ef h1:MAkZryAeRhiH3TKHRK2h+WztZI1VqfQ/oeXMIxKZNy0=
github.com/waku-org/go-zerokit-rln-apple v0.0.0-20240116135015-f6f595c7b8ef/go.mod h1:KYykqtdApHVYZ3G0spwMnoxc5jH5eI3jyO9SwsSfi48=
github.com/waku-org/go-zerokit-rln-arm v0.0.0-20230916171929-1dd9494ff065 h1:Sd7QD/1Yo2o2M1MY49F8Zr4KNBPUEK5cz5HoXQVJbrs=
github.com/waku-org/go-zerokit-rln-arm v0.0.0-20230916171929-1dd9494ff065/go.mod h1:7cSGUoGVIla1IpnChrLbkVjkYgdOcr7rcifEfh4ReR4=
github.com/waku-org/go-zerokit-rln-arm v0.0.0-20240116134931-a8b8c6ab4b80 h1:3KObRaYJnTI41U0reNBk7DYr5PVCTq8T9gJLXGfPfaY=
github.com/waku-org/go-zerokit-rln-arm v0.0.0-20240116134931-a8b8c6ab4b80/go.mod h1:7cSGUoGVIla1IpnChrLbkVjkYgdOcr7rcifEfh4ReR4=
github.com/waku-org/go-zerokit-rln-x86_64 v0.0.0-20230916171518-2a77c3734dd1 h1:4HSdWMFMufpRo3ECTX6BrvA+VzKhXZf7mS0rTa5cCWU=
github.com/waku-org/go-zerokit-rln-x86_64 v0.0.0-20230916171518-2a77c3734dd1/go.mod h1:+LeEYoW5/uBUTVjtBGLEVCUe9mOYAlu5ZPkIxLOSr5Y=
github.com/waku-org/go-zerokit-rln-x86_64 v0.0.0-20240116135046-2875fec12afc h1:YjIgIrqlNVC+hXNy2ykYy3JvBKima64J9jXbKM/ULpw=
github.com/waku-org/go-zerokit-rln-x86_64 v0.0.0-20240116135046-2875fec12afc/go.mod h1:+LeEYoW5/uBUTVjtBGLEVCUe9mOYAlu5ZPkIxLOSr5Y=
gopkg.in/check.v1 v0.0.0-20161208181325-20d25e280405/go.mod h1:Co6ibVJAznAaIkqp8huTwlJQCZ016jof/cbN4VW5Yz0=
gopkg.in/check.v1 v1.0.0-20201130134442-10cb98267c6c h1:Hei/4ADfdWqJk1ZMxUNpqntNwaWcugrBjAiHlqqRiVk=
gopkg.in/check.v1 v1.0.0-20201130134442-10cb98267c6c/go.mod h1:JHkPIbrfpd72SG/EVd6muEfDQjcINNoR0C8j2r3qZ4Q=
gopkg.in/yaml.v3 v3.0.1 h1:fxVm/GzAzEWqLHuvctI91KS9hhNmmWOoWu0XTYJS7CA=
gopkg.in/yaml.v3 v3.0.1/go.mod h1:K4uyk7z7BCEPqu6E+C64Yfv1cQ7kz7rIZviUmN+EgEM=
